// !$*UTF8*$!
{
	archiveVersion = 1;
	classes = {
	};
	objectVersion = 46;
	objects = {

/* Begin PBXBuildFile section */
		89E06A5B1E7FCE2A0040822E /* AppDelegate.swift in Sources */ = {isa = PBXBuildFile; fileRef = 89E06A491E7FCE2A0040822E /* AppDelegate.swift */; };
		89E06A5C1E7FCE2A0040822E /* Assets.xcassets in Resources */ = {isa = PBXBuildFile; fileRef = 89E06A4A1E7FCE2A0040822E /* Assets.xcassets */; };
		89E06A5E1E7FCE2A0040822E /* CharacterSelectionViewController.swift in Sources */ = {isa = PBXBuildFile; fileRef = 89E06A4C1E7FCE2A0040822E /* CharacterSelectionViewController.swift */; };
		89E06A5F1E7FCE2A0040822E /* Chunk.swift in Sources */ = {isa = PBXBuildFile; fileRef = 89E06A4D1E7FCE2A0040822E /* Chunk.swift */; };
		89E06A601E7FCE2A0040822E /* Declarative.swift in Sources */ = {isa = PBXBuildFile; fileRef = 89E06A4E1E7FCE2A0040822E /* Declarative.swift */; };
		89E06A611E7FCE2A0040822E /* DieUIImageView.swift in Sources */ = {isa = PBXBuildFile; fileRef = 89E06A4F1E7FCE2A0040822E /* DieUIImageView.swift */; };
		89E06A621E7FCE2A0040822E /* GameViewController.swift in Sources */ = {isa = PBXBuildFile; fileRef = 89E06A501E7FCE2A0040822E /* GameViewController.swift */; };
		89E06A631E7FCE2A0040822E /* HumanPlayer.swift in Sources */ = {isa = PBXBuildFile; fileRef = 89E06A511E7FCE2A0040822E /* HumanPlayer.swift */; };
		89E06A661E7FCE2A0040822E /* MenuViewController.swift in Sources */ = {isa = PBXBuildFile; fileRef = 89E06A541E7FCE2A0040822E /* MenuViewController.swift */; };
		89E06A681E7FCE2A0040822E /* ModelPlayer.swift in Sources */ = {isa = PBXBuildFile; fileRef = 89E06A561E7FCE2A0040822E /* ModelPlayer.swift */; };
		89E06A691E7FCE2A0040822E /* Perudo.swift in Sources */ = {isa = PBXBuildFile; fileRef = 89E06A571E7FCE2A0040822E /* Perudo.swift */; };
		89E06A6A1E7FCE2A0040822E /* Player.swift in Sources */ = {isa = PBXBuildFile; fileRef = 89E06A581E7FCE2A0040822E /* Player.swift */; };
		89E06A6B1E7FCE2A0040822E /* SettingsViewController.swift in Sources */ = {isa = PBXBuildFile; fileRef = 89E06A591E7FCE2A0040822E /* SettingsViewController.swift */; };
		89E06A6C1E7FCE2A0040822E /* SpeechBubbleView.swift in Sources */ = {isa = PBXBuildFile; fileRef = 89E06A5A1E7FCE2A0040822E /* SpeechBubbleView.swift */; };
		89E06A701E7FD0C90040822E /* Main.storyboard in Resources */ = {isa = PBXBuildFile; fileRef = 89E06A6E1E7FD0C90040822E /* Main.storyboard */; };
		89E06A731E7FD0CE0040822E /* LaunchScreen.storyboard in Resources */ = {isa = PBXBuildFile; fileRef = 89E06A711E7FD0CE0040822E /* LaunchScreen.storyboard */; };
		FE5FE8E41E851AF200D8A326 /* InstructionsPageViewController.swift in Sources */ = {isa = PBXBuildFile; fileRef = FE5FE8E31E851AF200D8A326 /* InstructionsPageViewController.swift */; };
		FE5FE8E61E851EA300D8A326 /* InstructionsContentViewController.swift in Sources */ = {isa = PBXBuildFile; fileRef = FE5FE8E51E851EA300D8A326 /* InstructionsContentViewController.swift */; };
		FE5FE8E81E85498F00D8A326 /* InstructionsViewController.swift in Sources */ = {isa = PBXBuildFile; fileRef = FE5FE8E71E85498F00D8A326 /* InstructionsViewController.swift */; };
		FE9E160B1E8D8883004CA8D2 /* Support.swift in Sources */ = {isa = PBXBuildFile; fileRef = FE9E160A1E8D8883004CA8D2 /* Support.swift */; };
		FE9E160D1E8D888A004CA8D2 /* SlotCondition.swift in Sources */ = {isa = PBXBuildFile; fileRef = FE9E160C1E8D888A004CA8D2 /* SlotCondition.swift */; };
/* End PBXBuildFile section */

/* Begin PBXFileReference section */
		89E06A491E7FCE2A0040822E /* AppDelegate.swift */ = {isa = PBXFileReference; fileEncoding = 4; lastKnownFileType = sourcecode.swift; name = AppDelegate.swift; path = "Bid or Bullshit/AppDelegate.swift"; sourceTree = "<group>"; };
		89E06A4A1E7FCE2A0040822E /* Assets.xcassets */ = {isa = PBXFileReference; lastKnownFileType = folder.assetcatalog; name = Assets.xcassets; path = "Bid or Bullshit/Assets.xcassets"; sourceTree = "<group>"; };
		89E06A4C1E7FCE2A0040822E /* CharacterSelectionViewController.swift */ = {isa = PBXFileReference; fileEncoding = 4; lastKnownFileType = sourcecode.swift; name = CharacterSelectionViewController.swift; path = "Bid or Bullshit/CharacterSelectionViewController.swift"; sourceTree = "<group>"; };
		89E06A4D1E7FCE2A0040822E /* Chunk.swift */ = {isa = PBXFileReference; fileEncoding = 4; lastKnownFileType = sourcecode.swift; name = Chunk.swift; path = "Bid or Bullshit/Chunk.swift"; sourceTree = "<group>"; };
		89E06A4E1E7FCE2A0040822E /* Declarative.swift */ = {isa = PBXFileReference; fileEncoding = 4; lastKnownFileType = sourcecode.swift; name = Declarative.swift; path = "Bid or Bullshit/Declarative.swift"; sourceTree = "<group>"; };
		89E06A4F1E7FCE2A0040822E /* DieUIImageView.swift */ = {isa = PBXFileReference; fileEncoding = 4; lastKnownFileType = sourcecode.swift; name = DieUIImageView.swift; path = "Bid or Bullshit/DieUIImageView.swift"; sourceTree = "<group>"; };
		89E06A501E7FCE2A0040822E /* GameViewController.swift */ = {isa = PBXFileReference; fileEncoding = 4; lastKnownFileType = sourcecode.swift; name = GameViewController.swift; path = "Bid or Bullshit/GameViewController.swift"; sourceTree = "<group>"; };
		89E06A511E7FCE2A0040822E /* HumanPlayer.swift */ = {isa = PBXFileReference; fileEncoding = 4; lastKnownFileType = sourcecode.swift; name = HumanPlayer.swift; path = "Bid or Bullshit/HumanPlayer.swift"; sourceTree = "<group>"; };
		89E06A521E7FCE2A0040822E /* Info.plist */ = {isa = PBXFileReference; fileEncoding = 4; lastKnownFileType = text.plist.xml; name = Info.plist; path = "Bid or Bullshit/Info.plist"; sourceTree = "<group>"; };
		89E06A541E7FCE2A0040822E /* MenuViewController.swift */ = {isa = PBXFileReference; fileEncoding = 4; lastKnownFileType = sourcecode.swift; name = MenuViewController.swift; path = "Bid or Bullshit/MenuViewController.swift"; sourceTree = "<group>"; };
		89E06A561E7FCE2A0040822E /* ModelPlayer.swift */ = {isa = PBXFileReference; fileEncoding = 4; lastKnownFileType = sourcecode.swift; name = ModelPlayer.swift; path = "Bid or Bullshit/ModelPlayer.swift"; sourceTree = "<group>"; };
		89E06A571E7FCE2A0040822E /* Perudo.swift */ = {isa = PBXFileReference; fileEncoding = 4; lastKnownFileType = sourcecode.swift; name = Perudo.swift; path = "Bid or Bullshit/Perudo.swift"; sourceTree = "<group>"; };
		89E06A581E7FCE2A0040822E /* Player.swift */ = {isa = PBXFileReference; fileEncoding = 4; lastKnownFileType = sourcecode.swift; name = Player.swift; path = "Bid or Bullshit/Player.swift"; sourceTree = "<group>"; };
		89E06A591E7FCE2A0040822E /* SettingsViewController.swift */ = {isa = PBXFileReference; fileEncoding = 4; lastKnownFileType = sourcecode.swift; name = SettingsViewController.swift; path = "Bid or Bullshit/SettingsViewController.swift"; sourceTree = "<group>"; };
		89E06A5A1E7FCE2A0040822E /* SpeechBubbleView.swift */ = {isa = PBXFileReference; fileEncoding = 4; lastKnownFileType = sourcecode.swift; name = SpeechBubbleView.swift; path = "Bid or Bullshit/SpeechBubbleView.swift"; sourceTree = "<group>"; };
		89E06A6F1E7FD0C90040822E /* Base */ = {isa = PBXFileReference; lastKnownFileType = file.storyboard; name = Base; path = "Bid or Bullshit/Base.lproj/Main.storyboard"; sourceTree = "<group>"; };
		89E06A721E7FD0CE0040822E /* Base */ = {isa = PBXFileReference; lastKnownFileType = file.storyboard; name = Base; path = "Bid or Bullshit/Base.lproj/LaunchScreen.storyboard"; sourceTree = "<group>"; };
		C7A2708F1E64252400841D3E /* Bid or Bullshit.app */ = {isa = PBXFileReference; explicitFileType = wrapper.application; includeInIndex = 0; path = "Bid or Bullshit.app"; sourceTree = BUILT_PRODUCTS_DIR; };
		FE5FE8E31E851AF200D8A326 /* InstructionsPageViewController.swift */ = {isa = PBXFileReference; fileEncoding = 4; lastKnownFileType = sourcecode.swift; name = InstructionsPageViewController.swift; path = "Bid or Bullshit/InstructionsPageViewController.swift"; sourceTree = "<group>"; };
		FE5FE8E51E851EA300D8A326 /* InstructionsContentViewController.swift */ = {isa = PBXFileReference; fileEncoding = 4; lastKnownFileType = sourcecode.swift; name = InstructionsContentViewController.swift; path = "Bid or Bullshit/InstructionsContentViewController.swift"; sourceTree = "<group>"; };
		FE5FE8E71E85498F00D8A326 /* InstructionsViewController.swift */ = {isa = PBXFileReference; fileEncoding = 4; lastKnownFileType = sourcecode.swift; name = InstructionsViewController.swift; path = "Bid or Bullshit/InstructionsViewController.swift"; sourceTree = "<group>"; };
		FE9E160A1E8D8883004CA8D2 /* Support.swift */ = {isa = PBXFileReference; fileEncoding = 4; lastKnownFileType = sourcecode.swift; path = Support.swift; sourceTree = "<group>"; };
		FE9E160C1E8D888A004CA8D2 /* SlotCondition.swift */ = {isa = PBXFileReference; fileEncoding = 4; lastKnownFileType = sourcecode.swift; path = SlotCondition.swift; sourceTree = "<group>"; };
/* End PBXFileReference section */

/* Begin PBXFrameworksBuildPhase section */
		C7A2708C1E64252400841D3E /* Frameworks */ = {
			isa = PBXFrameworksBuildPhase;
			buildActionMask = 2147483647;
			files = (
			);
			runOnlyForDeploymentPostprocessing = 0;
		};
/* End PBXFrameworksBuildPhase section */

/* Begin PBXGroup section */
		89E06A6D1E7FCE380040822E /* Bid or Bullshit */ = {
			isa = PBXGroup;
			children = (
				89E06A491E7FCE2A0040822E /* AppDelegate.swift */,
				89E06A4A1E7FCE2A0040822E /* Assets.xcassets */,
				89E06A4C1E7FCE2A0040822E /* CharacterSelectionViewController.swift */,
				89E06A711E7FD0CE0040822E /* LaunchScreen.storyboard */,
				89E06A6E1E7FD0C90040822E /* Main.storyboard */,
				FE5FE8E71E85498F00D8A326 /* InstructionsViewController.swift */,
				FE9E160A1E8D8883004CA8D2 /* Support.swift */,
				FE9E160C1E8D888A004CA8D2 /* SlotCondition.swift */,
				89E06A4D1E7FCE2A0040822E /* Chunk.swift */,
				89E06A4E1E7FCE2A0040822E /* Declarative.swift */,
				89E06A4F1E7FCE2A0040822E /* DieUIImageView.swift */,
				89E06A501E7FCE2A0040822E /* GameViewController.swift */,
				89E06A511E7FCE2A0040822E /* HumanPlayer.swift */,
				89E06A521E7FCE2A0040822E /* Info.plist */,
				FE5FE8E31E851AF200D8A326 /* InstructionsPageViewController.swift */,
				FE5FE8E51E851EA300D8A326 /* InstructionsContentViewController.swift */,
				89E06A541E7FCE2A0040822E /* MenuViewController.swift */,
				89E06A561E7FCE2A0040822E /* ModelPlayer.swift */,
				89E06A571E7FCE2A0040822E /* Perudo.swift */,
				89E06A581E7FCE2A0040822E /* Player.swift */,
				89E06A591E7FCE2A0040822E /* SettingsViewController.swift */,
				89E06A5A1E7FCE2A0040822E /* SpeechBubbleView.swift */,
			);
			name = "Bid or Bullshit";
			sourceTree = "<group>";
		};
		C7A270861E64252400841D3E = {
			isa = PBXGroup;
			children = (
				89E06A6D1E7FCE380040822E /* Bid or Bullshit */,
				C7A270901E64252400841D3E /* Products */,
			);
			sourceTree = "<group>";
		};
		C7A270901E64252400841D3E /* Products */ = {
			isa = PBXGroup;
			children = (
				C7A2708F1E64252400841D3E /* Bid or Bullshit.app */,
			);
			name = Products;
			sourceTree = "<group>";
		};
/* End PBXGroup section */

/* Begin PBXNativeTarget section */
		C7A2708E1E64252400841D3E /* Bid or Bullshit */ = {
			isa = PBXNativeTarget;
			buildConfigurationList = C7A270A11E64252400841D3E /* Build configuration list for PBXNativeTarget "Bid or Bullshit" */;
			buildPhases = (
				C7A2708B1E64252400841D3E /* Sources */,
				C7A2708C1E64252400841D3E /* Frameworks */,
				C7A2708D1E64252400841D3E /* Resources */,
			);
			buildRules = (
			);
			dependencies = (
			);
			name = "Bid or Bullshit";
			productName = "Bid or Bullshit";
			productReference = C7A2708F1E64252400841D3E /* Bid or Bullshit.app */;
			productType = "com.apple.product-type.application";
		};
/* End PBXNativeTarget section */

/* Begin PBXProject section */
		C7A270871E64252400841D3E /* Project object */ = {
			isa = PBXProject;
			attributes = {
				LastSwiftUpdateCheck = 0820;
				LastUpgradeCheck = 0820;
				ORGANIZATIONNAME = "M.A. van der Velde";
				TargetAttributes = {
					C7A2708E1E64252400841D3E = {
						CreatedOnToolsVersion = 8.2.1;
						DevelopmentTeam = KCBZ69F5FZ;
						LastSwiftMigration = 0820;
						ProvisioningStyle = Automatic;
					};
				};
			};
			buildConfigurationList = C7A2708A1E64252400841D3E /* Build configuration list for PBXProject "Bid or Bullshit" */;
			compatibilityVersion = "Xcode 3.2";
			developmentRegion = English;
			hasScannedForEncodings = 0;
			knownRegions = (
				en,
				Base,
			);
			mainGroup = C7A270861E64252400841D3E;
			productRefGroup = C7A270901E64252400841D3E /* Products */;
			projectDirPath = "";
			projectRoot = "";
			targets = (
				C7A2708E1E64252400841D3E /* Bid or Bullshit */,
			);
		};
/* End PBXProject section */

/* Begin PBXResourcesBuildPhase section */
		C7A2708D1E64252400841D3E /* Resources */ = {
			isa = PBXResourcesBuildPhase;
			buildActionMask = 2147483647;
			files = (
				89E06A701E7FD0C90040822E /* Main.storyboard in Resources */,
				89E06A731E7FD0CE0040822E /* LaunchScreen.storyboard in Resources */,
				89E06A5C1E7FCE2A0040822E /* Assets.xcassets in Resources */,
			);
			runOnlyForDeploymentPostprocessing = 0;
		};
/* End PBXResourcesBuildPhase section */

/* Begin PBXSourcesBuildPhase section */
		C7A2708B1E64252400841D3E /* Sources */ = {
			isa = PBXSourcesBuildPhase;
			buildActionMask = 2147483647;
			files = (
				FE5FE8E61E851EA300D8A326 /* InstructionsContentViewController.swift in Sources */,
				FE5FE8E81E85498F00D8A326 /* InstructionsViewController.swift in Sources */,
				FE5FE8E41E851AF200D8A326 /* InstructionsPageViewController.swift in Sources */,
				89E06A601E7FCE2A0040822E /* Declarative.swift in Sources */,
				89E06A5B1E7FCE2A0040822E /* AppDelegate.swift in Sources */,
				89E06A611E7FCE2A0040822E /* DieUIImageView.swift in Sources */,
				89E06A5E1E7FCE2A0040822E /* CharacterSelectionViewController.swift in Sources */,
				89E06A661E7FCE2A0040822E /* MenuViewController.swift in Sources */,
				89E06A6A1E7FCE2A0040822E /* Player.swift in Sources */,
				89E06A631E7FCE2A0040822E /* HumanPlayer.swift in Sources */,
				89E06A621E7FCE2A0040822E /* GameViewController.swift in Sources */,
				FE9E160D1E8D888A004CA8D2 /* SlotCondition.swift in Sources */,
				89E06A6B1E7FCE2A0040822E /* SettingsViewController.swift in Sources */,
				89E06A6C1E7FCE2A0040822E /* SpeechBubbleView.swift in Sources */,
				89E06A5F1E7FCE2A0040822E /* Chunk.swift in Sources */,
				89E06A691E7FCE2A0040822E /* Perudo.swift in Sources */,
				89E06A681E7FCE2A0040822E /* ModelPlayer.swift in Sources */,
				FE9E160B1E8D8883004CA8D2 /* Support.swift in Sources */,
			);
			runOnlyForDeploymentPostprocessing = 0;
		};
/* End PBXSourcesBuildPhase section */

/* Begin PBXVariantGroup section */
		89E06A6E1E7FD0C90040822E /* Main.storyboard */ = {
			isa = PBXVariantGroup;
			children = (
				89E06A6F1E7FD0C90040822E /* Base */,
			);
			name = Main.storyboard;
			sourceTree = "<group>";
		};
		89E06A711E7FD0CE0040822E /* LaunchScreen.storyboard */ = {
			isa = PBXVariantGroup;
			children = (
				89E06A721E7FD0CE0040822E /* Base */,
			);
			name = LaunchScreen.storyboard;
			sourceTree = "<group>";
		};
/* End PBXVariantGroup section */

/* Begin XCBuildConfiguration section */
		C7A2709F1E64252400841D3E /* Debug */ = {
			isa = XCBuildConfiguration;
			buildSettings = {
				ALWAYS_SEARCH_USER_PATHS = NO;
				CLANG_ANALYZER_NONNULL = YES;
				CLANG_CXX_LANGUAGE_STANDARD = "gnu++0x";
				CLANG_CXX_LIBRARY = "libc++";
				CLANG_ENABLE_MODULES = YES;
				CLANG_ENABLE_OBJC_ARC = YES;
				CLANG_WARN_BOOL_CONVERSION = YES;
				CLANG_WARN_CONSTANT_CONVERSION = YES;
				CLANG_WARN_DIRECT_OBJC_ISA_USAGE = YES_ERROR;
				CLANG_WARN_DOCUMENTATION_COMMENTS = YES;
				CLANG_WARN_EMPTY_BODY = YES;
				CLANG_WARN_ENUM_CONVERSION = YES;
				CLANG_WARN_INFINITE_RECURSION = YES;
				CLANG_WARN_INT_CONVERSION = YES;
				CLANG_WARN_OBJC_ROOT_CLASS = YES_ERROR;
				CLANG_WARN_SUSPICIOUS_MOVE = YES;
				CLANG_WARN_UNREACHABLE_CODE = YES;
				CLANG_WARN__DUPLICATE_METHOD_MATCH = YES;
				"CODE_SIGN_IDENTITY[sdk=iphoneos*]" = "iPhone Developer";
				COPY_PHASE_STRIP = NO;
				DEBUG_INFORMATION_FORMAT = dwarf;
				ENABLE_STRICT_OBJC_MSGSEND = YES;
				ENABLE_TESTABILITY = YES;
				GCC_C_LANGUAGE_STANDARD = gnu99;
				GCC_DYNAMIC_NO_PIC = NO;
				GCC_NO_COMMON_BLOCKS = YES;
				GCC_OPTIMIZATION_LEVEL = 0;
				GCC_PREPROCESSOR_DEFINITIONS = (
					"DEBUG=1",
					"$(inherited)",
				);
				GCC_WARN_64_TO_32_BIT_CONVERSION = YES;
				GCC_WARN_ABOUT_RETURN_TYPE = YES_ERROR;
				GCC_WARN_UNDECLARED_SELECTOR = YES;
				GCC_WARN_UNINITIALIZED_AUTOS = YES_AGGRESSIVE;
				GCC_WARN_UNUSED_FUNCTION = YES;
				GCC_WARN_UNUSED_VARIABLE = YES;
				IPHONEOS_DEPLOYMENT_TARGET = 10.2;
				MTL_ENABLE_DEBUG_INFO = YES;
				ONLY_ACTIVE_ARCH = YES;
				SDKROOT = iphoneos;
				SWIFT_ACTIVE_COMPILATION_CONDITIONS = DEBUG;
				SWIFT_OPTIMIZATION_LEVEL = "-Onone";
				TARGETED_DEVICE_FAMILY = "1,2";
			};
			name = Debug;
		};
		C7A270A01E64252400841D3E /* Release */ = {
			isa = XCBuildConfiguration;
			buildSettings = {
				ALWAYS_SEARCH_USER_PATHS = NO;
				CLANG_ANALYZER_NONNULL = YES;
				CLANG_CXX_LANGUAGE_STANDARD = "gnu++0x";
				CLANG_CXX_LIBRARY = "libc++";
				CLANG_ENABLE_MODULES = YES;
				CLANG_ENABLE_OBJC_ARC = YES;
				CLANG_WARN_BOOL_CONVERSION = YES;
				CLANG_WARN_CONSTANT_CONVERSION = YES;
				CLANG_WARN_DIRECT_OBJC_ISA_USAGE = YES_ERROR;
				CLANG_WARN_DOCUMENTATION_COMMENTS = YES;
				CLANG_WARN_EMPTY_BODY = YES;
				CLANG_WARN_ENUM_CONVERSION = YES;
				CLANG_WARN_INFINITE_RECURSION = YES;
				CLANG_WARN_INT_CONVERSION = YES;
				CLANG_WARN_OBJC_ROOT_CLASS = YES_ERROR;
				CLANG_WARN_SUSPICIOUS_MOVE = YES;
				CLANG_WARN_UNREACHABLE_CODE = YES;
				CLANG_WARN__DUPLICATE_METHOD_MATCH = YES;
				"CODE_SIGN_IDENTITY[sdk=iphoneos*]" = "iPhone Developer";
				COPY_PHASE_STRIP = NO;
				DEBUG_INFORMATION_FORMAT = "dwarf-with-dsym";
				ENABLE_NS_ASSERTIONS = NO;
				ENABLE_STRICT_OBJC_MSGSEND = YES;
				GCC_C_LANGUAGE_STANDARD = gnu99;
				GCC_NO_COMMON_BLOCKS = YES;
				GCC_WARN_64_TO_32_BIT_CONVERSION = YES;
				GCC_WARN_ABOUT_RETURN_TYPE = YES_ERROR;
				GCC_WARN_UNDECLARED_SELECTOR = YES;
				GCC_WARN_UNINITIALIZED_AUTOS = YES_AGGRESSIVE;
				GCC_WARN_UNUSED_FUNCTION = YES;
				GCC_WARN_UNUSED_VARIABLE = YES;
				IPHONEOS_DEPLOYMENT_TARGET = 10.2;
				MTL_ENABLE_DEBUG_INFO = NO;
				SDKROOT = iphoneos;
				SWIFT_OPTIMIZATION_LEVEL = "-Owholemodule";
				TARGETED_DEVICE_FAMILY = "1,2";
				VALIDATE_PRODUCT = YES;
			};
			name = Release;
		};
		C7A270A21E64252400841D3E /* Debug */ = {
			isa = XCBuildConfiguration;
			buildSettings = {
				ALWAYS_EMBED_SWIFT_STANDARD_LIBRARIES = NO;
				ASSETCATALOG_COMPILER_APPICON_NAME = AppIcon;
				CLANG_ENABLE_MODULES = YES;
				"CODE_SIGN_IDENTITY[sdk=iphoneos*]" = "iPhone Developer";
				DEVELOPMENT_TEAM = KCBZ69F5FZ;
				EMBED_ASSET_PACKS_IN_PRODUCT_BUNDLE = NO;
				INFOPLIST_FILE = "Bid or Bullshit/Info.plist";
				IPHONEOS_DEPLOYMENT_TARGET = 10.2;
				LD_RUNPATH_SEARCH_PATHS = "$(inherited) @executable_path/Frameworks";
				PRODUCT_BUNDLE_IDENTIFIER = cogmodcb.teamone.bidorbullshit;
				PRODUCT_NAME = "$(TARGET_NAME)";
				SWIFT_OPTIMIZATION_LEVEL = "-Onone";
				SWIFT_VERSION = 3.0;
			};
			name = Debug;
		};
		C7A270A31E64252400841D3E /* Release */ = {
			isa = XCBuildConfiguration;
			buildSettings = {
				ALWAYS_EMBED_SWIFT_STANDARD_LIBRARIES = NO;
				ASSETCATALOG_COMPILER_APPICON_NAME = AppIcon;
				CLANG_ENABLE_MODULES = YES;
				"CODE_SIGN_IDENTITY[sdk=iphoneos*]" = "iPhone Developer";
				DEVELOPMENT_TEAM = KCBZ69F5FZ;
				EMBED_ASSET_PACKS_IN_PRODUCT_BUNDLE = NO;
				INFOPLIST_FILE = "Bid or Bullshit/Info.plist";
				IPHONEOS_DEPLOYMENT_TARGET = 10.2;
				LD_RUNPATH_SEARCH_PATHS = "$(inherited) @executable_path/Frameworks";
				PRODUCT_BUNDLE_IDENTIFIER = cogmodcb.teamone.bidorbullshit;
				PRODUCT_NAME = "$(TARGET_NAME)";
				SWIFT_VERSION = 3.0;
			};
			name = Release;
		};
/* End XCBuildConfiguration section */

/* Begin XCConfigurationList section */
		C7A2708A1E64252400841D3E /* Build configuration list for PBXProject "Bid or Bullshit" */ = {
			isa = XCConfigurationList;
			buildConfigurations = (
				C7A2709F1E64252400841D3E /* Debug */,
				C7A270A01E64252400841D3E /* Release */,
			);
			defaultConfigurationIsVisible = 0;
			defaultConfigurationName = Release;
		};
		C7A270A11E64252400841D3E /* Build configuration list for PBXNativeTarget "Bid or Bullshit" */ = {
			isa = XCConfigurationList;
			buildConfigurations = (
				C7A270A21E64252400841D3E /* Debug */,
				C7A270A31E64252400841D3E /* Release */,
			);
			defaultConfigurationIsVisible = 0;
			defaultConfigurationName = Release;
		};
/* End XCConfigurationList section */
	};
	rootObject = C7A270871E64252400841D3E /* Project object */;
}
